// !$*UTF8*$!
{
	archiveVersion = 1;
	classes = {
	};
	objectVersion = 56;
	objects = {

/* Begin PBXBuildFile section */
		2673808B2C4CED15009251DB /* BucketListApp.swift in Sources */ = {isa = PBXBuildFile; fileRef = 2673808A2C4CED15009251DB /* BucketListApp.swift */; };
		2673808F2C4CED18009251DB /* Assets.xcassets in Resources */ = {isa = PBXBuildFile; fileRef = 2673808E2C4CED18009251DB /* Assets.xcassets */; };
		267380922C4CED18009251DB /* Preview Assets.xcassets in Resources */ = {isa = PBXBuildFile; fileRef = 267380912C4CED18009251DB /* Preview Assets.xcassets */; };
		267380992C4D2474009251DB /* WritingDataToDocDir.swift in Sources */ = {isa = PBXBuildFile; fileRef = 267380982C4D2474009251DB /* WritingDataToDocDir.swift */; };
		2673809B2C4D25DC009251DB /* SwitchingViewStatesWithEnums.swift in Sources */ = {isa = PBXBuildFile; fileRef = 2673809A2C4D25DC009251DB /* SwitchingViewStatesWithEnums.swift */; };
		2673809D2C4D2880009251DB /* IntegratingMapKit.swift in Sources */ = {isa = PBXBuildFile; fileRef = 2673809C2C4D2880009251DB /* IntegratingMapKit.swift */; };
		2673809F2C4D82BE009251DB /* TouchIDandFaceID.swift in Sources */ = {isa = PBXBuildFile; fileRef = 2673809E2C4D82BE009251DB /* TouchIDandFaceID.swift */; };
		26A52AB62C4FF4300085102F /* EditView.swift in Sources */ = {isa = PBXBuildFile; fileRef = 26A52AB52C4FF4300085102F /* EditView.swift */; };
		26A52AB82C500BE20085102F /* Model.swift in Sources */ = {isa = PBXBuildFile; fileRef = 26A52AB72C500BE20085102F /* Model.swift */; };
		26A52ABA2C5016DC0085102F /* ViewModel.swift in Sources */ = {isa = PBXBuildFile; fileRef = 26A52AB92C5016DC0085102F /* ViewModel.swift */; };
/* End PBXBuildFile section */

/* Begin PBXFileReference section */
		267380872C4CED15009251DB /* BucketList.app */ = {isa = PBXFileReference; explicitFileType = wrapper.application; includeInIndex = 0; path = BucketList.app; sourceTree = BUILT_PRODUCTS_DIR; };
		2673808A2C4CED15009251DB /* BucketListApp.swift */ = {isa = PBXFileReference; lastKnownFileType = sourcecode.swift; path = BucketListApp.swift; sourceTree = "<group>"; };
		2673808E2C4CED18009251DB /* Assets.xcassets */ = {isa = PBXFileReference; lastKnownFileType = folder.assetcatalog; path = Assets.xcassets; sourceTree = "<group>"; };
		267380912C4CED18009251DB /* Preview Assets.xcassets */ = {isa = PBXFileReference; lastKnownFileType = folder.assetcatalog; path = "Preview Assets.xcassets"; sourceTree = "<group>"; };
		267380982C4D2474009251DB /* WritingDataToDocDir.swift */ = {isa = PBXFileReference; lastKnownFileType = sourcecode.swift; path = WritingDataToDocDir.swift; sourceTree = "<group>"; };
		2673809A2C4D25DC009251DB /* SwitchingViewStatesWithEnums.swift */ = {isa = PBXFileReference; lastKnownFileType = sourcecode.swift; path = SwitchingViewStatesWithEnums.swift; sourceTree = "<group>"; };
		2673809C2C4D2880009251DB /* IntegratingMapKit.swift */ = {isa = PBXFileReference; lastKnownFileType = sourcecode.swift; path = IntegratingMapKit.swift; sourceTree = "<group>"; };
		2673809E2C4D82BE009251DB /* TouchIDandFaceID.swift */ = {isa = PBXFileReference; lastKnownFileType = sourcecode.swift; path = TouchIDandFaceID.swift; sourceTree = "<group>"; };
		26A52AB52C4FF4300085102F /* EditView.swift */ = {isa = PBXFileReference; lastKnownFileType = sourcecode.swift; path = EditView.swift; sourceTree = "<group>"; };
		26A52AB72C500BE20085102F /* Model.swift */ = {isa = PBXFileReference; lastKnownFileType = sourcecode.swift; path = Model.swift; sourceTree = "<group>"; };
		26A52AB92C5016DC0085102F /* ViewModel.swift */ = {isa = PBXFileReference; lastKnownFileType = sourcecode.swift; path = ViewModel.swift; sourceTree = "<group>"; };
/* End PBXFileReference section */

/* Begin PBXFrameworksBuildPhase section */
		267380842C4CED15009251DB /* Frameworks */ = {
			isa = PBXFrameworksBuildPhase;
			buildActionMask = 2147483647;
			files = (
			);
			runOnlyForDeploymentPostprocessing = 0;
		};
/* End PBXFrameworksBuildPhase section */

/* Begin PBXGroup section */
		2673807E2C4CED15009251DB = {
			isa = PBXGroup;
			children = (
				267380892C4CED15009251DB /* BucketList */,
				267380882C4CED15009251DB /* Products */,
			);
			sourceTree = "<group>";
		};
		267380882C4CED15009251DB /* Products */ = {
			isa = PBXGroup;
			children = (
				267380872C4CED15009251DB /* BucketList.app */,
			);
			name = Products;
			sourceTree = "<group>";
		};
		267380892C4CED15009251DB /* BucketList */ = {
			isa = PBXGroup;
			children = (
				26CE98B12C51136000281D86 /* App */,
				26CE98B02C51135200281D86 /* Views */,
				26CE98B32C51138500281D86 /* ViewModel */,
				26CE98B22C51136E00281D86 /* Model */,
				2673808E2C4CED18009251DB /* Assets.xcassets */,
				267380902C4CED18009251DB /* Preview Content */,
				26CE98B42C51142A00281D86 /* 68-73 DAYS FILES */,
			);
			path = BucketList;
			sourceTree = "<group>";
		};
		267380902C4CED18009251DB /* Preview Content */ = {
			isa = PBXGroup;
			children = (
				267380912C4CED18009251DB /* Preview Assets.xcassets */,
			);
			path = "Preview Content";
			sourceTree = "<group>";
		};
		26CE98B02C51135200281D86 /* Views */ = {
			isa = PBXGroup;
			children = (
				2673809C2C4D2880009251DB /* IntegratingMapKit.swift */,
				26A52AB52C4FF4300085102F /* EditView.swift */,
			);
			path = Views;
			sourceTree = "<group>";
		};
		26CE98B12C51136000281D86 /* App */ = {
			isa = PBXGroup;
			children = (
				2673808A2C4CED15009251DB /* BucketListApp.swift */,
			);
			path = App;
			sourceTree = "<group>";
		};
		26CE98B22C51136E00281D86 /* Model */ = {
			isa = PBXGroup;
			children = (
				26A52AB72C500BE20085102F /* Model.swift */,
			);
			path = Model;
			sourceTree = "<group>";
		};
		26CE98B32C51138500281D86 /* ViewModel */ = {
			isa = PBXGroup;
			children = (
				26A52AB92C5016DC0085102F /* ViewModel.swift */,
			);
			path = ViewModel;
			sourceTree = "<group>";
		};
		26CE98B42C51142A00281D86 /* 68-73 DAYS FILES */ = {
			isa = PBXGroup;
			children = (
				2673809A2C4D25DC009251DB /* SwitchingViewStatesWithEnums.swift */,
				267380982C4D2474009251DB /* WritingDataToDocDir.swift */,
				2673809E2C4D82BE009251DB /* TouchIDandFaceID.swift */,
			);
			path = "68-73 DAYS FILES";
			sourceTree = "<group>";
		};
/* End PBXGroup section */

/* Begin PBXNativeTarget section */
		267380862C4CED15009251DB /* BucketList */ = {
			isa = PBXNativeTarget;
			buildConfigurationList = 267380952C4CED18009251DB /* Build configuration list for PBXNativeTarget "BucketList" */;
			buildPhases = (
				267380832C4CED15009251DB /* Sources */,
				267380842C4CED15009251DB /* Frameworks */,
				267380852C4CED15009251DB /* Resources */,
			);
			buildRules = (
			);
			dependencies = (
			);
			name = BucketList;
			productName = BucketList;
			productReference = 267380872C4CED15009251DB /* BucketList.app */;
			productType = "com.apple.product-type.application";
		};
/* End PBXNativeTarget section */

/* Begin PBXProject section */
		2673807F2C4CED15009251DB /* Project object */ = {
			isa = PBXProject;
			attributes = {
				BuildIndependentTargetsInParallel = 1;
				LastSwiftUpdateCheck = 1530;
				LastUpgradeCheck = 1530;
				TargetAttributes = {
					267380862C4CED15009251DB = {
						CreatedOnToolsVersion = 15.3;
					};
				};
			};
			buildConfigurationList = 267380822C4CED15009251DB /* Build configuration list for PBXProject "BucketList" */;
			compatibilityVersion = "Xcode 14.0";
			developmentRegion = en;
			hasScannedForEncodings = 0;
			knownRegions = (
				en,
				Base,
			);
			mainGroup = 2673807E2C4CED15009251DB;
			productRefGroup = 267380882C4CED15009251DB /* Products */;
			projectDirPath = "";
			projectRoot = "";
			targets = (
				267380862C4CED15009251DB /* BucketList */,
			);
		};
/* End PBXProject section */

/* Begin PBXResourcesBuildPhase section */
		267380852C4CED15009251DB /* Resources */ = {
			isa = PBXResourcesBuildPhase;
			buildActionMask = 2147483647;
			files = (
				267380922C4CED18009251DB /* Preview Assets.xcassets in Resources */,
				2673808F2C4CED18009251DB /* Assets.xcassets in Resources */,
			);
			runOnlyForDeploymentPostprocessing = 0;
		};
/* End PBXResourcesBuildPhase section */

/* Begin PBXSourcesBuildPhase section */
		267380832C4CED15009251DB /* Sources */ = {
			isa = PBXSourcesBuildPhase;
			buildActionMask = 2147483647;
			files = (
				2673809B2C4D25DC009251DB /* SwitchingViewStatesWithEnums.swift in Sources */,
				2673809D2C4D2880009251DB /* IntegratingMapKit.swift in Sources */,
				2673808B2C4CED15009251DB /* BucketListApp.swift in Sources */,
				26A52AB62C4FF4300085102F /* EditView.swift in Sources */,
				2673809F2C4D82BE009251DB /* TouchIDandFaceID.swift in Sources */,
				26A52ABA2C5016DC0085102F /* ViewModel.swift in Sources */,
				267380992C4D2474009251DB /* WritingDataToDocDir.swift in Sources */,
				26A52AB82C500BE20085102F /* Model.swift in Sources */,
			);
			runOnlyForDeploymentPostprocessing = 0;
		};
/* End PBXSourcesBuildPhase section */

/* Begin XCBuildConfiguration section */
		267380932C4CED18009251DB /* Debug */ = {
			isa = XCBuildConfiguration;
			buildSettings = {
				ALWAYS_SEARCH_USER_PATHS = NO;
				ASSETCATALOG_COMPILER_GENERATE_SWIFT_ASSET_SYMBOL_EXTENSIONS = YES;
				CLANG_ANALYZER_NONNULL = YES;
				CLANG_ANALYZER_NUMBER_OBJECT_CONVERSION = YES_AGGRESSIVE;
				CLANG_CXX_LANGUAGE_STANDARD = "gnu++20";
				CLANG_ENABLE_MODULES = YES;
				CLANG_ENABLE_OBJC_ARC = YES;
				CLANG_ENABLE_OBJC_WEAK = YES;
				CLANG_WARN_BLOCK_CAPTURE_AUTORELEASING = YES;
				CLANG_WARN_BOOL_CONVERSION = YES;
				CLANG_WARN_COMMA = YES;
				CLANG_WARN_CONSTANT_CONVERSION = YES;
				CLANG_WARN_DEPRECATED_OBJC_IMPLEMENTATIONS = YES;
				CLANG_WARN_DIRECT_OBJC_ISA_USAGE = YES_ERROR;
				CLANG_WARN_DOCUMENTATION_COMMENTS = YES;
				CLANG_WARN_EMPTY_BODY = YES;
				CLANG_WARN_ENUM_CONVERSION = YES;
				CLANG_WARN_INFINITE_RECURSION = YES;
				CLANG_WARN_INT_CONVERSION = YES;
				CLANG_WARN_NON_LITERAL_NULL_CONVERSION = YES;
				CLANG_WARN_OBJC_IMPLICIT_RETAIN_SELF = YES;
				CLANG_WARN_OBJC_LITERAL_CONVERSION = YES;
				CLANG_WARN_OBJC_ROOT_CLASS = YES_ERROR;
				CLANG_WARN_QUOTED_INCLUDE_IN_FRAMEWORK_HEADER = YES;
				CLANG_WARN_RANGE_LOOP_ANALYSIS = YES;
				CLANG_WARN_STRICT_PROTOTYPES = YES;
				CLANG_WARN_SUSPICIOUS_MOVE = YES;
				CLANG_WARN_UNGUARDED_AVAILABILITY = YES_AGGRESSIVE;
				CLANG_WARN_UNREACHABLE_CODE = YES;
				CLANG_WARN__DUPLICATE_METHOD_MATCH = YES;
				COPY_PHASE_STRIP = NO;
				DEBUG_INFORMATION_FORMAT = dwarf;
				ENABLE_STRICT_OBJC_MSGSEND = YES;
				ENABLE_TESTABILITY = YES;
				ENABLE_USER_SCRIPT_SANDBOXING = YES;
				GCC_C_LANGUAGE_STANDARD = gnu17;
				GCC_DYNAMIC_NO_PIC = NO;
				GCC_NO_COMMON_BLOCKS = YES;
				GCC_OPTIMIZATION_LEVEL = 0;
				GCC_PREPROCESSOR_DEFINITIONS = (
					"DEBUG=1",
					"$(inherited)",
				);
				GCC_WARN_64_TO_32_BIT_CONVERSION = YES;
				GCC_WARN_ABOUT_RETURN_TYPE = YES_ERROR;
				GCC_WARN_UNDECLARED_SELECTOR = YES;
				GCC_WARN_UNINITIALIZED_AUTOS = YES_AGGRESSIVE;
				GCC_WARN_UNUSED_FUNCTION = YES;
				GCC_WARN_UNUSED_VARIABLE = YES;
				IPHONEOS_DEPLOYMENT_TARGET = 17.4;
				LOCALIZATION_PREFERS_STRING_CATALOGS = YES;
				MTL_ENABLE_DEBUG_INFO = INCLUDE_SOURCE;
				MTL_FAST_MATH = YES;
				ONLY_ACTIVE_ARCH = YES;
				SDKROOT = iphoneos;
				SWIFT_ACTIVE_COMPILATION_CONDITIONS = "DEBUG $(inherited)";
				SWIFT_OPTIMIZATION_LEVEL = "-Onone";
			};
			name = Debug;
		};
		267380942C4CED18009251DB /* Release */ = {
			isa = XCBuildConfiguration;
			buildSettings = {
				ALWAYS_SEARCH_USER_PATHS = NO;
				ASSETCATALOG_COMPILER_GENERATE_SWIFT_ASSET_SYMBOL_EXTENSIONS = YES;
				CLANG_ANALYZER_NONNULL = YES;
				CLANG_ANALYZER_NUMBER_OBJECT_CONVERSION = YES_AGGRESSIVE;
				CLANG_CXX_LANGUAGE_STANDARD = "gnu++20";
				CLANG_ENABLE_MODULES = YES;
				CLANG_ENABLE_OBJC_ARC = YES;
				CLANG_ENABLE_OBJC_WEAK = YES;
				CLANG_WARN_BLOCK_CAPTURE_AUTORELEASING = YES;
				CLANG_WARN_BOOL_CONVERSION = YES;
				CLANG_WARN_COMMA = YES;
				CLANG_WARN_CONSTANT_CONVERSION = YES;
				CLANG_WARN_DEPRECATED_OBJC_IMPLEMENTATIONS = YES;
				CLANG_WARN_DIRECT_OBJC_ISA_USAGE = YES_ERROR;
				CLANG_WARN_DOCUMENTATION_COMMENTS = YES;
				CLANG_WARN_EMPTY_BODY = YES;
				CLANG_WARN_ENUM_CONVERSION = YES;
				CLANG_WARN_INFINITE_RECURSION = YES;
				CLANG_WARN_INT_CONVERSION = YES;
				CLANG_WARN_NON_LITERAL_NULL_CONVERSION = YES;
				CLANG_WARN_OBJC_IMPLICIT_RETAIN_SELF = YES;
				CLANG_WARN_OBJC_LITERAL_CONVERSION = YES;
				CLANG_WARN_OBJC_ROOT_CLASS = YES_ERROR;
				CLANG_WARN_QUOTED_INCLUDE_IN_FRAMEWORK_HEADER = YES;
				CLANG_WARN_RANGE_LOOP_ANALYSIS = YES;
				CLANG_WARN_STRICT_PROTOTYPES = YES;
				CLANG_WARN_SUSPICIOUS_MOVE = YES;
				CLANG_WARN_UNGUARDED_AVAILABILITY = YES_AGGRESSIVE;
				CLANG_WARN_UNREACHABLE_CODE = YES;
				CLANG_WARN__DUPLICATE_METHOD_MATCH = YES;
				COPY_PHASE_STRIP = NO;
				DEBUG_INFORMATION_FORMAT = "dwarf-with-dsym";
				ENABLE_NS_ASSERTIONS = NO;
				ENABLE_STRICT_OBJC_MSGSEND = YES;
				ENABLE_USER_SCRIPT_SANDBOXING = YES;
				GCC_C_LANGUAGE_STANDARD = gnu17;
				GCC_NO_COMMON_BLOCKS = YES;
				GCC_WARN_64_TO_32_BIT_CONVERSION = YES;
				GCC_WARN_ABOUT_RETURN_TYPE = YES_ERROR;
				GCC_WARN_UNDECLARED_SELECTOR = YES;
				GCC_WARN_UNINITIALIZED_AUTOS = YES_AGGRESSIVE;
				GCC_WARN_UNUSED_FUNCTION = YES;
				GCC_WARN_UNUSED_VARIABLE = YES;
				IPHONEOS_DEPLOYMENT_TARGET = 17.4;
				LOCALIZATION_PREFERS_STRING_CATALOGS = YES;
				MTL_ENABLE_DEBUG_INFO = NO;
				MTL_FAST_MATH = YES;
				SDKROOT = iphoneos;
				SWIFT_COMPILATION_MODE = wholemodule;
				VALIDATE_PRODUCT = YES;
			};
			name = Release;
		};
		267380962C4CED18009251DB /* Debug */ = {
			isa = XCBuildConfiguration;
			buildSettings = {
				ASSETCATALOG_COMPILER_APPICON_NAME = AppIcon;
				ASSETCATALOG_COMPILER_GLOBAL_ACCENT_COLOR_NAME = AccentColor;
				CODE_SIGN_STYLE = Automatic;
				CURRENT_PROJECT_VERSION = 1;
				DEVELOPMENT_ASSET_PATHS = "\"BucketList/Preview Content\"";
				DEVELOPMENT_TEAM = LT54Q8Z33F;
				ENABLE_PREVIEWS = YES;
				GENERATE_INFOPLIST_FILE = YES;
				INFOPLIST_KEY_NSFaceIDUsageDescription = "Please authenticate yourself places.";
				INFOPLIST_KEY_UIApplicationSceneManifest_Generation = YES;
				INFOPLIST_KEY_UIApplicationSupportsIndirectInputEvents = YES;
				INFOPLIST_KEY_UILaunchScreen_Generation = YES;
				INFOPLIST_KEY_UISupportedInterfaceOrientations_iPad = "UIInterfaceOrientationPortrait UIInterfaceOrientationPortraitUpsideDown UIInterfaceOrientationLandscapeLeft UIInterfaceOrientationLandscapeRight";
				INFOPLIST_KEY_UISupportedInterfaceOrientations_iPhone = "UIInterfaceOrientationPortrait UIInterfaceOrientationLandscapeLeft UIInterfaceOrientationLandscapeRight";
				LD_RUNPATH_SEARCH_PATHS = (
					"$(inherited)",
					"@executable_path/Frameworks",
				);
				MARKETING_VERSION = 1.0;
				PRODUCT_BUNDLE_IDENTIFIER = ru.eliseev.dmitry.BucketList;
				PRODUCT_NAME = "$(TARGET_NAME)";
				SWIFT_EMIT_LOC_STRINGS = YES;
				SWIFT_VERSION = 5.0;
				TARGETED_DEVICE_FAMILY = "1,2";
			};
			name = Debug;
		};
		267380972C4CED18009251DB /* Release */ = {
			isa = XCBuildConfiguration;
			buildSettings = {
				ASSETCATALOG_COMPILER_APPICON_NAME = AppIcon;
				ASSETCATALOG_COMPILER_GLOBAL_ACCENT_COLOR_NAME = AccentColor;
				CODE_SIGN_STYLE = Automatic;
				CURRENT_PROJECT_VERSION = 1;
				DEVELOPMENT_ASSET_PATHS = "\"BucketList/Preview Content\"";
				DEVELOPMENT_TEAM = LT54Q8Z33F;
				ENABLE_PREVIEWS = YES;
				GENERATE_INFOPLIST_FILE = YES;
				INFOPLIST_KEY_NSFaceIDUsageDescription = "Please authenticate yourself places.";
				INFOPLIST_KEY_UIApplicationSceneManifest_Generation = YES;
				INFOPLIST_KEY_UIApplicationSupportsIndirectInputEvents = YES;
				INFOPLIST_KEY_UILaunchScreen_Generation = YES;
				INFOPLIST_KEY_UISupportedInterfaceOrientations_iPad = "UIInterfaceOrientationPortrait UIInterfaceOrientationPortraitUpsideDown UIInterfaceOrientationLandscapeLeft UIInterfaceOrientationLandscapeRight";
				INFOPLIST_KEY_UISupportedInterfaceOrientations_iPhone = "UIInterfaceOrientationPortrait UIInterfaceOrientationLandscapeLeft UIInterfaceOrientationLandscapeRight";
				LD_RUNPATH_SEARCH_PATHS = (
					"$(inherited)",
					"@executable_path/Frameworks",
				);
				MARKETING_VERSION = 1.0;
				PRODUCT_BUNDLE_IDENTIFIER = ru.eliseev.dmitry.BucketList;
				PRODUCT_NAME = "$(TARGET_NAME)";
				SWIFT_EMIT_LOC_STRINGS = YES;
				SWIFT_VERSION = 5.0;
				TARGETED_DEVICE_FAMILY = "1,2";
			};
			name = Release;
		};
/* End XCBuildConfiguration section */

/* Begin XCConfigurationList section */
		267380822C4CED15009251DB /* Build configuration list for PBXProject "BucketList" */ = {
			isa = XCConfigurationList;
			buildConfigurations = (
				267380932C4CED18009251DB /* Debug */,
				267380942C4CED18009251DB /* Release */,
			);
			defaultConfigurationIsVisible = 0;
			defaultConfigurationName = Release;
		};
		267380952C4CED18009251DB /* Build configuration list for PBXNativeTarget "BucketList" */ = {
			isa = XCConfigurationList;
			buildConfigurations = (
				267380962C4CED18009251DB /* Debug */,
				267380972C4CED18009251DB /* Release */,
			);
			defaultConfigurationIsVisible = 0;
			defaultConfigurationName = Release;
		};
/* End XCConfigurationList section */
	};
	rootObject = 2673807F2C4CED15009251DB /* Project object */;
}
